
Microsoft Visual Studio Solution File, Format Version 12.00
# Visual Studio Version 16
VisualStudioVersion = 16.0.31702.278
MinimumVisualStudioVersion = 10.0.40219.1
Project("{FAE04EC0-301F-11D3-BF4B-00C04F79EFBC}") = "UserMaintenance", "UserMaintenance\UserMaintenance.csproj", "{097C19D5-56CD-4DDE-9DF6-3094DB3C7ECE}"
EndProject
Global
	GlobalSection(SolutionConfigurationPlatforms) = preSolution
		Debug|Any CPU = Debug|Any CPU
		Release|Any CPU = Release|Any CPU
	EndGlobalSection
	GlobalSection(ProjectConfigurationPlatforms) = postSolution
		{097C19D5-56CD-4DDE-9DF6-3094DB3C7ECE}.Debug|Any CPU.ActiveCfg = Debug|Any CPU
		{097C19D5-56CD-4DDE-9DF6-3094DB3C7ECE}.Debug|Any CPU.Build.0 = Debug|Any CPU
		{097C19D5-56CD-4DDE-9DF6-3094DB3C7ECE}.Release|Any CPU.ActiveCfg = Release|Any CPU
		{097C19D5-56CD-4DDE-9DF6-3094DB3C7ECE}.Release|Any CPU.Build.0 = Release|Any CPU
	EndGlobalSection
	GlobalSection(SolutionProperties) = preSolution
		HideSolutionNode = FALSE
	EndGlobalSection
	GlobalSection(ExtensibilityGlobals) = postSolution
		SolutionGuid = {995685F4-7E04-4E71-BBB2-484E25DD1E3B}
	EndGlobalSection
EndGlobal
