
Microsoft Visual Studio Solution File, Format Version 12.00
# Visual Studio Version 16
VisualStudioVersion = 16.0.31702.278
MinimumVisualStudioVersion = 10.0.40219.1
Project("{FAE04EC0-301F-11D3-BF4B-00C04F79EFBC}") = "Tizenegyedikhet_T5PM9K", "Tizenegyedikhet_T5PM9K\Tizenegyedikhet_T5PM9K.csproj", "{2E134FA8-38DA-4715-9670-1ACCEFDE44B1}"
EndProject
Global
	GlobalSection(SolutionConfigurationPlatforms) = preSolution
		Debug|Any CPU = Debug|Any CPU
		Release|Any CPU = Release|Any CPU
	EndGlobalSection
	GlobalSection(ProjectConfigurationPlatforms) = postSolution
		{2E134FA8-38DA-4715-9670-1ACCEFDE44B1}.Debug|Any CPU.ActiveCfg = Debug|Any CPU
		{2E134FA8-38DA-4715-9670-1ACCEFDE44B1}.Debug|Any CPU.Build.0 = Debug|Any CPU
		{2E134FA8-38DA-4715-9670-1ACCEFDE44B1}.Release|Any CPU.ActiveCfg = Release|Any CPU
		{2E134FA8-38DA-4715-9670-1ACCEFDE44B1}.Release|Any CPU.Build.0 = Release|Any CPU
	EndGlobalSection
	GlobalSection(SolutionProperties) = preSolution
		HideSolutionNode = FALSE
	EndGlobalSection
	GlobalSection(ExtensibilityGlobals) = postSolution
		SolutionGuid = {4A181EA3-2524-42C8-A834-5BF16193A270}
	EndGlobalSection
EndGlobal
