
Microsoft Visual Studio Solution File, Format Version 12.00
# Visual Studio Version 16
VisualStudioVersion = 16.0.31702.278
MinimumVisualStudioVersion = 10.0.40219.1
Project("{FAE04EC0-301F-11D3-BF4B-00C04F79EFBC}") = "Nyolcadikhet_T5PM9K", "Nyolcadikhet_T5PM9K\Nyolcadikhet_T5PM9K.csproj", "{47C14669-7299-461C-9665-CE4D1FEF12F7}"
EndProject
Global
	GlobalSection(SolutionConfigurationPlatforms) = preSolution
		Debug|Any CPU = Debug|Any CPU
		Release|Any CPU = Release|Any CPU
	EndGlobalSection
	GlobalSection(ProjectConfigurationPlatforms) = postSolution
		{47C14669-7299-461C-9665-CE4D1FEF12F7}.Debug|Any CPU.ActiveCfg = Debug|Any CPU
		{47C14669-7299-461C-9665-CE4D1FEF12F7}.Debug|Any CPU.Build.0 = Debug|Any CPU
		{47C14669-7299-461C-9665-CE4D1FEF12F7}.Release|Any CPU.ActiveCfg = Release|Any CPU
		{47C14669-7299-461C-9665-CE4D1FEF12F7}.Release|Any CPU.Build.0 = Release|Any CPU
	EndGlobalSection
	GlobalSection(SolutionProperties) = preSolution
		HideSolutionNode = FALSE
	EndGlobalSection
	GlobalSection(ExtensibilityGlobals) = postSolution
		SolutionGuid = {95BC6192-21DB-41B0-9E82-9069CB8BBCB1}
	EndGlobalSection
EndGlobal
